// !$*UTF8*$!
{
	archiveVersion = 1;
	classes = {
	};
	objectVersion = 46;
	objects = {

/* Begin PBXBuildFile section */
		B79C99421BD3E4A90036F74F /* main.cpp in Sources */ = {isa = PBXBuildFile; fileRef = B79C99411BD3E4A90036F74F /* main.cpp */; };
/* End PBXBuildFile section */

/* Begin PBXCopyFilesBuildPhase section */
		B79C993C1BD3E4A90036F74F /* CopyFiles */ = {
			isa = PBXCopyFilesBuildPhase;
			buildActionMask = 2147483647;
			dstPath = /usr/share/man/man1/;
			dstSubfolderSpec = 0;
			files = (
			);
			runOnlyForDeploymentPostprocessing = 1;
		};
/* End PBXCopyFilesBuildPhase section */

/* Begin PBXFileReference section */
		B79C993E1BD3E4A90036F74F /* cpp11Item16 */ = {isa = PBXFileReference; explicitFileType = "compiled.mach-o.executable"; includeInIndex = 0; path = cpp11Item16; sourceTree = BUILT_PRODUCTS_DIR; };
		B79C99411BD3E4A90036F74F /* main.cpp */ = {isa = PBXFileReference; lastKnownFileType = sourcecode.cpp.cpp; path = main.cpp; sourceTree = "<group>"; };
/* End PBXFileReference section */

/* Begin PBXFrameworksBuildPhase section */
		B79C993B1BD3E4A90036F74F /* Frameworks */ = {
			isa = PBXFrameworksBuildPhase;
			buildActionMask = 2147483647;
			files = (
			);
			runOnlyForDeploymentPostprocessing = 0;
		};
/* End PBXFrameworksBuildPhase section */

/* Begin PBXGroup section */
		B79C99351BD3E4A90036F74F = {
			isa = PBXGroup;
			children = (
				B79C99401BD3E4A90036F74F /* cpp11Item16 */,
				B79C993F1BD3E4A90036F74F /* Products */,
			);
			sourceTree = "<group>";
		};
		B79C993F1BD3E4A90036F74F /* Products */ = {
			isa = PBXGroup;
			children = (
				B79C993E1BD3E4A90036F74F /* cpp11Item16 */,
			);
			name = Products;
			sourceTree = "<group>";
		};
		B79C99401BD3E4A90036F74F /* cpp11Item16 */ = {
			isa = PBXGroup;
			children = (
				B79C99411BD3E4A90036F74F /* main.cpp */,
			);
			path = cpp11Item16;
			sourceTree = "<group>";
		};
/* End PBXGroup section */

/* Begin PBXNativeTarget section */
		B79C993D1BD3E4A90036F74F /* cpp11Item16 */ = {
			isa = PBXNativeTarget;
			buildConfigurationList = B79C99451BD3E4A90036F74F /* Build configuration list for PBXNativeTarget "cpp11Item16" */;
			buildPhases = (
				B79C993A1BD3E4A90036F74F /* Sources */,
				B79C993B1BD3E4A90036F74F /* Frameworks */,
				B79C993C1BD3E4A90036F74F /* CopyFiles */,
			);
			buildRules = (
			);
			dependencies = (
			);
			name = cpp11Item16;
			productName = cpp11Item16;
			productReference = B79C993E1BD3E4A90036F74F /* cpp11Item16 */;
			productType = "com.apple.product-type.tool";
		};
/* End PBXNativeTarget section */

/* Begin PBXProject section */
		B79C99361BD3E4A90036F74F /* Project object */ = {
			isa = PBXProject;
			attributes = {
				LastUpgradeCheck = 0640;
				ORGANIZATIONNAME = "Daosheng Mu";
				TargetAttributes = {
					B79C993D1BD3E4A90036F74F = {
						CreatedOnToolsVersion = 6.4;
					};
				};
			};
			buildConfigurationList = B79C99391BD3E4A90036F74F /* Build configuration list for PBXProject "cpp11Item16" */;
			compatibilityVersion = "Xcode 3.2";
			developmentRegion = English;
			hasScannedForEncodings = 0;
			knownRegions = (
				en,
			);
			mainGroup = B79C99351BD3E4A90036F74F;
			productRefGroup = B79C993F1BD3E4A90036F74F /* Products */;
			projectDirPath = "";
			projectRoot = "";
			targets = (
				B79C993D1BD3E4A90036F74F /* cpp11Item16 */,
			);
		};
/* End PBXProject section */

/* Begin PBXSourcesBuildPhase section */
		B79C993A1BD3E4A90036F74F /* Sources */ = {
			isa = PBXSourcesBuildPhase;
			buildActionMask = 2147483647;
			files = (
				B79C99421BD3E4A90036F74F /* main.cpp in Sources */,
			);
			runOnlyForDeploymentPostprocessing = 0;
		};
/* End PBXSourcesBuildPhase section */

/* Begin XCBuildConfiguration section */
		B79C99431BD3E4A90036F74F /* Debug */ = {
			isa = XCBuildConfiguration;
			buildSettings = {
				ALWAYS_SEARCH_USER_PATHS = NO;
				CLANG_CXX_LANGUAGE_STANDARD = "gnu++0x";
				CLANG_CXX_LIBRARY = "libc++";
				CLANG_ENABLE_MODULES = YES;
				CLANG_ENABLE_OBJC_ARC = YES;
				CLANG_WARN_BOOL_CONVERSION = YES;
				CLANG_WARN_CONSTANT_CONVERSION = YES;
				CLANG_WARN_DIRECT_OBJC_ISA_USAGE = YES_ERROR;
				CLANG_WARN_EMPTY_BODY = YES;
				CLANG_WARN_ENUM_CONVERSION = YES;
				CLANG_WARN_INT_CONVERSION = YES;
				CLANG_WARN_OBJC_ROOT_CLASS = YES_ERROR;
				CLANG_WARN_UNREACHABLE_CODE = YES;
				CLANG_WARN__DUPLICATE_METHOD_MATCH = YES;
				COPY_PHASE_STRIP = NO;
				DEBUG_INFORMATION_FORMAT = dwarf;
				ENABLE_STRICT_OBJC_MSGSEND = YES;
				GCC_C_LANGUAGE_STANDARD = gnu99;
				GCC_DYNAMIC_NO_PIC = NO;
				GCC_NO_COMMON_BLOCKS = YES;
				GCC_OPTIMIZATION_LEVEL = 0;
				GCC_PREPROCESSOR_DEFINITIONS = (
					"DEBUG=1",
					"$(inherited)",
				);
				GCC_SYMBOLS_PRIVATE_EXTERN = NO;
				GCC_WARN_64_TO_32_BIT_CONVERSION = YES;
				GCC_WARN_ABOUT_RETURN_TYPE = YES_ERROR;
				GCC_WARN_UNDECLARED_SELECTOR = YES;
				GCC_WARN_UNINITIALIZED_AUTOS = YES_AGGRESSIVE;
				GCC_WARN_UNUSED_FUNCTION = YES;
				GCC_WARN_UNUSED_VARIABLE = YES;
				MACOSX_DEPLOYMENT_TARGET = 10.10;
				MTL_ENABLE_DEBUG_INFO = YES;
				ONLY_ACTIVE_ARCH = YES;
				SDKROOT = macosx;
			};
			name = Debug;
		};
		B79C99441BD3E4A90036F74F /* Release */ = {
			isa = XCBuildConfiguration;
			buildSettings = {
				ALWAYS_SEARCH_USER_PATHS = NO;
				CLANG_CXX_LANGUAGE_STANDARD = "gnu++0x";
				CLANG_CXX_LIBRARY = "libc++";
				CLANG_ENABLE_MODULES = YES;
				CLANG_ENABLE_OBJC_ARC = YES;
				CLANG_WARN_BOOL_CONVERSION = YES;
				CLANG_WARN_CONSTANT_CONVERSION = YES;
				CLANG_WARN_DIRECT_OBJC_ISA_USAGE = YES_ERROR;
				CLANG_WARN_EMPTY_BODY = YES;
				CLANG_WARN_ENUM_CONVERSION = YES;
				CLANG_WARN_INT_CONVERSION = YES;
				CLANG_WARN_OBJC_ROOT_CLASS = YES_ERROR;
				CLANG_WARN_UNREACHABLE_CODE = YES;
				CLANG_WARN__DUPLICATE_METHOD_MATCH = YES;
				COPY_PHASE_STRIP = NO;
				DEBUG_INFORMATION_FORMAT = "dwarf-with-dsym";
				ENABLE_NS_ASSERTIONS = NO;
				ENABLE_STRICT_OBJC_MSGSEND = YES;
				GCC_C_LANGUAGE_STANDARD = gnu99;
				GCC_NO_COMMON_BLOCKS = YES;
				GCC_WARN_64_TO_32_BIT_CONVERSION = YES;
				GCC_WARN_ABOUT_RETURN_TYPE = YES_ERROR;
				GCC_WARN_UNDECLARED_SELECTOR = YES;
				GCC_WARN_UNINITIALIZED_AUTOS = YES_AGGRESSIVE;
				GCC_WARN_UNUSED_FUNCTION = YES;
				GCC_WARN_UNUSED_VARIABLE = YES;
				MACOSX_DEPLOYMENT_TARGET = 10.10;
				MTL_ENABLE_DEBUG_INFO = NO;
				SDKROOT = macosx;
			};
			name = Release;
		};
		B79C99461BD3E4A90036F74F /* Debug */ = {
			isa = XCBuildConfiguration;
			buildSettings = {
				PRODUCT_NAME = "$(TARGET_NAME)";
			};
			name = Debug;
		};
		B79C99471BD3E4A90036F74F /* Release */ = {
			isa = XCBuildConfiguration;
			buildSettings = {
				PRODUCT_NAME = "$(TARGET_NAME)";
			};
			name = Release;
		};
/* End XCBuildConfiguration section */

/* Begin XCConfigurationList section */
		B79C99391BD3E4A90036F74F /* Build configuration list for PBXProject "cpp11Item16" */ = {
			isa = XCConfigurationList;
			buildConfigurations = (
				B79C99431BD3E4A90036F74F /* Debug */,
				B79C99441BD3E4A90036F74F /* Release */,
			);
			defaultConfigurationIsVisible = 0;
			defaultConfigurationName = Release;
		};
		B79C99451BD3E4A90036F74F /* Build configuration list for PBXNativeTarget "cpp11Item16" */ = {
			isa = XCConfigurationList;
			buildConfigurations = (
				B79C99461BD3E4A90036F74F /* Debug */,
				B79C99471BD3E4A90036F74F /* Release */,
			);
			defaultConfigurationIsVisible = 0;
		};
/* End XCConfigurationList section */
	};
	rootObject = B79C99361BD3E4A90036F74F /* Project object */;
}
